
Microsoft Visual Studio Solution File, Format Version 12.00
# Visual Studio for Mac
Project("{FAE04EC0-301F-11D3-BF4B-00C04F79EFBC}") = "Assembly-CSharp", "Assembly-CSharp.csproj", "{541E5D71-2125-C3CB-7709-FBDC79BB7806}"
EndProject
Project("{FAE04EC0-301F-11D3-BF4B-00C04F79EFBC}") = "Assembly-CSharp-Editor", "Assembly-CSharp-Editor.csproj", "{7DC02A35-4EA7-42C7-A1A4-7C484B284825}"
EndProject
Global
	GlobalSection(SolutionConfigurationPlatforms) = preSolution
		Debug|Any CPU = Debug|Any CPU
		Release|Any CPU = Release|Any CPU
	EndGlobalSection
	GlobalSection(ProjectConfigurationPlatforms) = postSolution
		{541E5D71-2125-C3CB-7709-FBDC79BB7806}.Debug|Any CPU.ActiveCfg = Debug|Any CPU
		{541E5D71-2125-C3CB-7709-FBDC79BB7806}.Debug|Any CPU.Build.0 = Debug|Any CPU
		{541E5D71-2125-C3CB-7709-FBDC79BB7806}.Release|Any CPU.ActiveCfg = Release|Any CPU
		{541E5D71-2125-C3CB-7709-FBDC79BB7806}.Release|Any CPU.Build.0 = Release|Any CPU
		{7DC02A35-4EA7-42C7-A1A4-7C484B284825}.Debug|Any CPU.ActiveCfg = Debug|Any CPU
		{7DC02A35-4EA7-42C7-A1A4-7C484B284825}.Debug|Any CPU.Build.0 = Debug|Any CPU
		{7DC02A35-4EA7-42C7-A1A4-7C484B284825}.Release|Any CPU.ActiveCfg = Release|Any CPU
		{7DC02A35-4EA7-42C7-A1A4-7C484B284825}.Release|Any CPU.Build.0 = Release|Any CPU
	EndGlobalSection
	GlobalSection(SolutionProperties) = preSolution
		HideSolutionNode = FALSE
	EndGlobalSection
EndGlobal
